[[package]]
name = "libsqlite3-sys"
version = "0.9.1"
source = "registry+https://github.com/rust-lang/crates.io-index"
dependencies = [
 "pkg-config 0.3.11 (registry+https://github.com/rust-lang/crates.io-index)",
 "vcpkg 0.2.4 (registry+https://github.com/rust-lang/crates.io-index)",
]

[[package]]
name = "pkg-config"
version = "0.3.11"
source = "registry+https://github.com/rust-lang/crates.io-index"

[[package]]
name = "sqlite"
version = "0.1.0"
dependencies = [
 "libsqlite3-sys 0.9.1 (registry+https://github.com/rust-lang/crates.io-index)",
]

[[package]]
name = "vcpkg"
version = "0.2.4"
source = "registry+https://github.com/rust-lang/crates.io-index"

[metadata]
"checksum libsqlite3-sys 0.9.1 (registry+https://github.com/rust-lang/crates.io-index)" = "0e9eb7b8e152b6a01be6a4a2917248381875758250dc3df5d46caf9250341dda"
"checksum pkg-config 0.3.11 (registry+https://github.com/rust-lang/crates.io-index)" = "110d5ee3593dbb73f56294327fe5668bcc997897097cbc76b51e7aed3f52452f"
"checksum vcpkg 0.2.4 (registry+https://github.com/rust-lang/crates.io-index)" = "cbe533e138811704c0e3cbde65a818b35d3240409b4346256c5ede403e082474"
